
Microsoft Visual Studio Solution File, Format Version 12.00
# Visual Studio Version 16
VisualStudioVersion = 16.0.31702.278
MinimumVisualStudioVersion = 10.0.40219.1
Project("{FAE04EC0-301F-11D3-BF4B-00C04F79EFBC}") = "PRG282_Milestone2", "PRG282_Milestone2.csproj", "{4F098D1F-D442-4946-A807-507AEA073E82}"
EndProject
Global
	GlobalSection(SolutionConfigurationPlatforms) = preSolution
		Debug|Any CPU = Debug|Any CPU
		Release|Any CPU = Release|Any CPU
	EndGlobalSection
	GlobalSection(ProjectConfigurationPlatforms) = postSolution
		{4F098D1F-D442-4946-A807-507AEA073E82}.Debug|Any CPU.ActiveCfg = Debug|Any CPU
		{4F098D1F-D442-4946-A807-507AEA073E82}.Debug|Any CPU.Build.0 = Debug|Any CPU
		{4F098D1F-D442-4946-A807-507AEA073E82}.Release|Any CPU.ActiveCfg = Release|Any CPU
		{4F098D1F-D442-4946-A807-507AEA073E82}.Release|Any CPU.Build.0 = Release|Any CPU
	EndGlobalSection
	GlobalSection(SolutionProperties) = preSolution
		HideSolutionNode = FALSE
	EndGlobalSection
	GlobalSection(ExtensibilityGlobals) = postSolution
		SolutionGuid = {E56E1B90-2264-407B-971B-D3DE4F9CBE75}
	EndGlobalSection
EndGlobal
